
Microsoft Visual Studio Solution File, Format Version 10.00
# Visual Studio 2008
Project("{8BC9CEB8-8B4A-11D0-8D11-00A0C91BC942}") = "GMOgre3D", "GMOgre3D\GMOgre3D.vcproj", "{7C3218CA-E123-4D60-9777-BDA9F7A4D442}"
	ProjectSection(ProjectDependencies) = postProject
		{C05A5902-77BF-9042-B2DF-1C575C3BAE38} = {C05A5902-77BF-9042-B2DF-1C575C3BAE38}
		{C28C7710-76B1-4FFD-A85A-9AEFDA25EE64} = {C28C7710-76B1-4FFD-A85A-9AEFDA25EE64}
		{54FDF612-0805-452C-B800-987AA6C0EA17} = {54FDF612-0805-452C-B800-987AA6C0EA17}
		{73550B20-3F07-4486-8FE2-3B2803692B6D} = {73550B20-3F07-4486-8FE2-3B2803692B6D}
		{1C741C2F-3278-43D8-9FD2-E631A64B70AE} = {1C741C2F-3278-43D8-9FD2-E631A64B70AE}
		{FAF68149-E5CF-410D-BE21-37400ABED74D} = {FAF68149-E5CF-410D-BE21-37400ABED74D}
		{B1F8CA57-0975-449E-90DD-17B75EB7BCC1} = {B1F8CA57-0975-449E-90DD-17B75EB7BCC1}
		{FB7BAE59-31D5-41E1-AB56-3358E9A73A67} = {FB7BAE59-31D5-41E1-AB56-3358E9A73A67}
		{C61A6060-5F0B-4B83-A0BC-678CCDA98FF6} = {C61A6060-5F0B-4B83-A0BC-678CCDA98FF6}
		{D13E2B95-6BD5-5B43-A187-89A2C6CF4589} = {D13E2B95-6BD5-5B43-A187-89A2C6CF4589}
		{0F172B9C-E5D5-4EB1-BFDB-93D787A37461} = {0F172B9C-E5D5-4EB1-BFDB-93D787A37461}
		{64356EB0-B8D1-B646-A376-153B5AD7A29F} = {64356EB0-B8D1-B646-A376-153B5AD7A29F}
		{A6830BB5-9993-4F6D-8D4E-930F36A1B88F} = {A6830BB5-9993-4F6D-8D4E-930F36A1B88F}
		{35AFBABB-DF05-43DE-91A7-BB828A874015} = {35AFBABB-DF05-43DE-91A7-BB828A874015}
		{5E894FBD-4B51-4A0E-99C7-9C6FA1741037} = {5E894FBD-4B51-4A0E-99C7-9C6FA1741037}
		{C0D3ABBD-29CB-F04D-9850-7CBEE1269945} = {C0D3ABBD-29CB-F04D-9850-7CBEE1269945}
		{64A262CF-6722-4443-A84D-BA5FE3BD87D5} = {64A262CF-6722-4443-A84D-BA5FE3BD87D5}
		{3F977CDE-B05D-8D46-8492-5C436FCAE2DF} = {3F977CDE-B05D-8D46-8492-5C436FCAE2DF}
		{81B75BE3-29D7-40F4-B96D-035BC637B316} = {81B75BE3-29D7-40F4-B96D-035BC637B316}
		{AD6C71E5-FE9D-4F34-BC47-CD9FDDFB8540} = {AD6C71E5-FE9D-4F34-BC47-CD9FDDFB8540}
		{7D0A20FE-40A6-4E64-AD26-5E34AE391DF4} = {7D0A20FE-40A6-4E64-AD26-5E34AE391DF4}
	EndProjectSection
EndProject
Project("{8BC9CEB8-8B4A-11D0-8D11-00A0C91BC942}") = "OgreMain", "OgreMain\scripts\OgreMain_vc9.vcproj", "{35AFBABB-DF05-43DE-91A7-BB828A874015}"
EndProject
Project("{8BC9CEB8-8B4A-11D0-8D11-00A0C91BC942}") = "RenderSystem_Direct3D9", "Direct3D9\scripts\RenderSystem_Direct3D9_vc9.vcproj", "{0F172B9C-E5D5-4EB1-BFDB-93D787A37461}"
	ProjectSection(ProjectDependencies) = postProject
		{35AFBABB-DF05-43DE-91A7-BB828A874015} = {35AFBABB-DF05-43DE-91A7-BB828A874015}
	EndProjectSection
EndProject
Project("{8BC9CEB8-8B4A-11D0-8D11-00A0C91BC942}") = "Plugin_OctreeSceneManager", "OctreeSceneManager\scripts\Plugin_OctreeSceneManager_vc9.vcproj", "{A6830BB5-9993-4F6D-8D4E-930F36A1B88F}"
	ProjectSection(ProjectDependencies) = postProject
		{35AFBABB-DF05-43DE-91A7-BB828A874015} = {35AFBABB-DF05-43DE-91A7-BB828A874015}
	EndProjectSection
EndProject
Project("{8BC9CEB8-8B4A-11D0-8D11-00A0C91BC942}") = "RenderSystem_GL", "GL\scripts\RenderSystem_GL_vc9.vcproj", "{7D0A20FE-40A6-4E64-AD26-5E34AE391DF4}"
	ProjectSection(ProjectDependencies) = postProject
		{35AFBABB-DF05-43DE-91A7-BB828A874015} = {35AFBABB-DF05-43DE-91A7-BB828A874015}
	EndProjectSection
EndProject
Project("{8BC9CEB8-8B4A-11D0-8D11-00A0C91BC942}") = "SkyX", "SkyX\SkyX.vcproj", "{64A262CF-6722-4443-A84D-BA5FE3BD87D5}"
	ProjectSection(ProjectDependencies) = postProject
		{35AFBABB-DF05-43DE-91A7-BB828A874015} = {35AFBABB-DF05-43DE-91A7-BB828A874015}
	EndProjectSection
EndProject
Project("{8BC9CEB8-8B4A-11D0-8D11-00A0C91BC942}") = "Plugin_ParticleFX", "ParticleFX\scripts\Plugin_ParticleFX_vc9.vcproj", "{C61A6060-5F0B-4B83-A0BC-678CCDA98FF6}"
	ProjectSection(ProjectDependencies) = postProject
		{35AFBABB-DF05-43DE-91A7-BB828A874015} = {35AFBABB-DF05-43DE-91A7-BB828A874015}
	EndProjectSection
EndProject
Project("{8BC9CEB8-8B4A-11D0-8D11-00A0C91BC942}") = "Plugin_CgProgramManager", "CgProgramManager\scripts\Plugin_CgProgramManager_vc9.vcproj", "{1C741C2F-3278-43D8-9FD2-E631A64B70AE}"
EndProject
Project("{8BC9CEB8-8B4A-11D0-8D11-00A0C91BC942}") = "PagedGeometryLib", "PagedGeometry\PagedGeometryLib.vcproj", "{81B75BE3-29D7-40F4-B96D-035BC637B316}"
	ProjectSection(ProjectDependencies) = postProject
		{35AFBABB-DF05-43DE-91A7-BB828A874015} = {35AFBABB-DF05-43DE-91A7-BB828A874015}
	EndProjectSection
EndProject
Project("{8BC9CEB8-8B4A-11D0-8D11-00A0C91BC942}") = "dContainers", "Newton\sdk\dContainers\dContainers_2009.vcproj", "{5E894FBD-4B51-4A0E-99C7-9C6FA1741037}"
EndProject
Project("{8BC9CEB8-8B4A-11D0-8D11-00A0C91BC942}") = "dAnimation", "Newton\sdk\dAnimation\dAnimation_2009.vcproj", "{B1F8CA57-0975-449E-90DD-17B75EB7BCC1}"
EndProject
Project("{8BC9CEB8-8B4A-11D0-8D11-00A0C91BC942}") = "JointLibrary", "Newton\sdk\dCustomJoints\JointLibrary_2009.vcproj", "{73550B20-3F07-4486-8FE2-3B2803692B6D}"
EndProject
Project("{8BC9CEB8-8B4A-11D0-8D11-00A0C91BC942}") = "dMath", "Newton\sdk\dMath\dMath_2009.vcproj", "{FAF68149-E5CF-410D-BE21-37400ABED74D}"
EndProject
Project("{8BC9CEB8-8B4A-11D0-8D11-00A0C91BC942}") = "OgreNewt", "OgreNewt\OgreNewt.vcproj", "{C28C7710-76B1-4FFD-A85A-9AEFDA25EE64}"
	ProjectSection(ProjectDependencies) = postProject
		{73550B20-3F07-4486-8FE2-3B2803692B6D} = {73550B20-3F07-4486-8FE2-3B2803692B6D}
		{FAF68149-E5CF-410D-BE21-37400ABED74D} = {FAF68149-E5CF-410D-BE21-37400ABED74D}
		{B1F8CA57-0975-449E-90DD-17B75EB7BCC1} = {B1F8CA57-0975-449E-90DD-17B75EB7BCC1}
		{FB7BAE59-31D5-41E1-AB56-3358E9A73A67} = {FB7BAE59-31D5-41E1-AB56-3358E9A73A67}
		{5E894FBD-4B51-4A0E-99C7-9C6FA1741037} = {5E894FBD-4B51-4A0E-99C7-9C6FA1741037}
	EndProjectSection
EndProject
Project("{8BC9CEB8-8B4A-11D0-8D11-00A0C91BC942}") = "tinyxml", "Newton\sdk\tinyxml\tinyxml_lib_2009.vcproj", "{FB7BAE59-31D5-41E1-AB56-3358E9A73A67}"
EndProject
Project("{8BC9CEB8-8B4A-11D0-8D11-00A0C91BC942}") = "CameraControlSystem", "CameraControlSystem\CameraControlSystem.vcproj", "{AD6C71E5-FE9D-4F34-BC47-CD9FDDFB8540}"
	ProjectSection(ProjectDependencies) = postProject
		{35AFBABB-DF05-43DE-91A7-BB828A874015} = {35AFBABB-DF05-43DE-91A7-BB828A874015}
	EndProjectSection
EndProject
Project("{8BC9CEB8-8B4A-11D0-8D11-00A0C91BC942}") = "GMAPI", "GMAPI\GMAPI\GMAPI.vcproj", "{54FDF612-0805-452C-B800-987AA6C0EA17}"
EndProject
Project("{8BC9CEB8-8B4A-11D0-8D11-00A0C91BC942}") = "CEGUIBase", "CEGUI\CEGUIBase.vcproj", "{C0D3ABBD-29CB-F04D-9850-7CBEE1269945}"
	ProjectSection(ProjectDependencies) = postProject
		{35AFBABB-DF05-43DE-91A7-BB828A874015} = {35AFBABB-DF05-43DE-91A7-BB828A874015}
	EndProjectSection
EndProject
Project("{8BC9CEB8-8B4A-11D0-8D11-00A0C91BC942}") = "CEGUIExpatParser", "CEGUI\CEGUIExpatParser.vcproj", "{D13E2B95-6BD5-5B43-A187-89A2C6CF4589}"
	ProjectSection(ProjectDependencies) = postProject
		{C0D3ABBD-29CB-F04D-9850-7CBEE1269945} = {C0D3ABBD-29CB-F04D-9850-7CBEE1269945}
	EndProjectSection
EndProject
Project("{8BC9CEB8-8B4A-11D0-8D11-00A0C91BC942}") = "CEGUIFalagardWRBase", "CEGUI\CEGUIFalagardWRBase.vcproj", "{64356EB0-B8D1-B646-A376-153B5AD7A29F}"
	ProjectSection(ProjectDependencies) = postProject
		{C0D3ABBD-29CB-F04D-9850-7CBEE1269945} = {C0D3ABBD-29CB-F04D-9850-7CBEE1269945}
	EndProjectSection
EndProject
Project("{8BC9CEB8-8B4A-11D0-8D11-00A0C91BC942}") = "CEGUIOgreRenderer", "CEGUI\CEGUIOgreRenderer.vcproj", "{C05A5902-77BF-9042-B2DF-1C575C3BAE38}"
	ProjectSection(ProjectDependencies) = postProject
		{C0D3ABBD-29CB-F04D-9850-7CBEE1269945} = {C0D3ABBD-29CB-F04D-9850-7CBEE1269945}
	EndProjectSection
EndProject
Project("{8BC9CEB8-8B4A-11D0-8D11-00A0C91BC942}") = "CEGUIFreeImageImageCodec", "CEGUI\CEGUIFreeImageImageCodec.vcproj", "{3F977CDE-B05D-8D46-8492-5C436FCAE2DF}"
	ProjectSection(ProjectDependencies) = postProject
		{C0D3ABBD-29CB-F04D-9850-7CBEE1269945} = {C0D3ABBD-29CB-F04D-9850-7CBEE1269945}
	EndProjectSection
EndProject
Global
	GlobalSection(SolutionConfigurationPlatforms) = preSolution
		debug_Double|Win32 = debug_Double|Win32
		debug_Double|x64 = debug_Double|x64
		Debug|Win32 = Debug|Win32
		Debug|x64 = Debug|x64
		Debug-Dll|Win32 = Debug-Dll|Win32
		Debug-Dll|x64 = Debug-Dll|x64
		DebugStaticLib|Win32 = DebugStaticLib|Win32
		DebugStaticLib|x64 = DebugStaticLib|x64
		Release|Win32 = Release|Win32
		Release|x64 = Release|x64
		Release-dll|Win32 = Release-dll|Win32
		Release-dll|x64 = Release-dll|x64
		ReleaseStaticLib|Win32 = ReleaseStaticLib|Win32
		ReleaseStaticLib|x64 = ReleaseStaticLib|x64
		ReleaseWithSymbols|Win32 = ReleaseWithSymbols|Win32
		ReleaseWithSymbols|x64 = ReleaseWithSymbols|x64
	EndGlobalSection
	GlobalSection(ProjectConfigurationPlatforms) = postSolution
		{7C3218CA-E123-4D60-9777-BDA9F7A4D442}.debug_Double|Win32.ActiveCfg = DebugStaticLib|Win32
		{7C3218CA-E123-4D60-9777-BDA9F7A4D442}.debug_Double|Win32.Build.0 = DebugStaticLib|Win32
		{7C3218CA-E123-4D60-9777-BDA9F7A4D442}.debug_Double|x64.ActiveCfg = DebugStaticLib|Win32
		{7C3218CA-E123-4D60-9777-BDA9F7A4D442}.Debug|Win32.ActiveCfg = Debug|Win32
		{7C3218CA-E123-4D60-9777-BDA9F7A4D442}.Debug|Win32.Build.0 = Debug|Win32
		{7C3218CA-E123-4D60-9777-BDA9F7A4D442}.Debug|x64.ActiveCfg = Debug|Win32
		{7C3218CA-E123-4D60-9777-BDA9F7A4D442}.Debug-Dll|Win32.ActiveCfg = DebugStaticLib|Win32
		{7C3218CA-E123-4D60-9777-BDA9F7A4D442}.Debug-Dll|Win32.Build.0 = DebugStaticLib|Win32
		{7C3218CA-E123-4D60-9777-BDA9F7A4D442}.Debug-Dll|x64.ActiveCfg = DebugStaticLib|Win32
		{7C3218CA-E123-4D60-9777-BDA9F7A4D442}.DebugStaticLib|Win32.ActiveCfg = DebugStaticLib|Win32
		{7C3218CA-E123-4D60-9777-BDA9F7A4D442}.DebugStaticLib|Win32.Build.0 = DebugStaticLib|Win32
		{7C3218CA-E123-4D60-9777-BDA9F7A4D442}.DebugStaticLib|x64.ActiveCfg = DebugStaticLib|Win32
		{7C3218CA-E123-4D60-9777-BDA9F7A4D442}.Release|Win32.ActiveCfg = Release|Win32
		{7C3218CA-E123-4D60-9777-BDA9F7A4D442}.Release|Win32.Build.0 = Release|Win32
		{7C3218CA-E123-4D60-9777-BDA9F7A4D442}.Release|x64.ActiveCfg = Release|Win32
		{7C3218CA-E123-4D60-9777-BDA9F7A4D442}.Release-dll|Win32.ActiveCfg = ReleaseStaticLib|Win32
		{7C3218CA-E123-4D60-9777-BDA9F7A4D442}.Release-dll|Win32.Build.0 = ReleaseStaticLib|Win32
		{7C3218CA-E123-4D60-9777-BDA9F7A4D442}.Release-dll|x64.ActiveCfg = ReleaseStaticLib|Win32
		{7C3218CA-E123-4D60-9777-BDA9F7A4D442}.ReleaseStaticLib|Win32.ActiveCfg = ReleaseStaticLib|Win32
		{7C3218CA-E123-4D60-9777-BDA9F7A4D442}.ReleaseStaticLib|Win32.Build.0 = ReleaseStaticLib|Win32
		{7C3218CA-E123-4D60-9777-BDA9F7A4D442}.ReleaseStaticLib|x64.ActiveCfg = ReleaseStaticLib|Win32
		{7C3218CA-E123-4D60-9777-BDA9F7A4D442}.ReleaseWithSymbols|Win32.ActiveCfg = ReleaseStaticLib|Win32
		{7C3218CA-E123-4D60-9777-BDA9F7A4D442}.ReleaseWithSymbols|Win32.Build.0 = ReleaseStaticLib|Win32
		{7C3218CA-E123-4D60-9777-BDA9F7A4D442}.ReleaseWithSymbols|x64.ActiveCfg = ReleaseStaticLib|Win32
		{35AFBABB-DF05-43DE-91A7-BB828A874015}.debug_Double|Win32.ActiveCfg = DebugStaticLib|Win32
		{35AFBABB-DF05-43DE-91A7-BB828A874015}.debug_Double|Win32.Build.0 = DebugStaticLib|Win32
		{35AFBABB-DF05-43DE-91A7-BB828A874015}.debug_Double|x64.ActiveCfg = DebugStaticLib|Win32
		{35AFBABB-DF05-43DE-91A7-BB828A874015}.Debug|Win32.ActiveCfg = Debug|Win32
		{35AFBABB-DF05-43DE-91A7-BB828A874015}.Debug|Win32.Build.0 = Debug|Win32
		{35AFBABB-DF05-43DE-91A7-BB828A874015}.Debug|x64.ActiveCfg = Debug|Win32
		{35AFBABB-DF05-43DE-91A7-BB828A874015}.Debug-Dll|Win32.ActiveCfg = DebugStaticLib|Win32
		{35AFBABB-DF05-43DE-91A7-BB828A874015}.Debug-Dll|Win32.Build.0 = DebugStaticLib|Win32
		{35AFBABB-DF05-43DE-91A7-BB828A874015}.Debug-Dll|x64.ActiveCfg = DebugStaticLib|Win32
		{35AFBABB-DF05-43DE-91A7-BB828A874015}.DebugStaticLib|Win32.ActiveCfg = DebugStaticLib|Win32
		{35AFBABB-DF05-43DE-91A7-BB828A874015}.DebugStaticLib|Win32.Build.0 = DebugStaticLib|Win32
		{35AFBABB-DF05-43DE-91A7-BB828A874015}.DebugStaticLib|x64.ActiveCfg = DebugStaticLib|Win32
		{35AFBABB-DF05-43DE-91A7-BB828A874015}.Release|Win32.ActiveCfg = Release|Win32
		{35AFBABB-DF05-43DE-91A7-BB828A874015}.Release|Win32.Build.0 = Release|Win32
		{35AFBABB-DF05-43DE-91A7-BB828A874015}.Release|x64.ActiveCfg = Release|Win32
		{35AFBABB-DF05-43DE-91A7-BB828A874015}.Release-dll|Win32.ActiveCfg = ReleaseStaticLib|Win32
		{35AFBABB-DF05-43DE-91A7-BB828A874015}.Release-dll|Win32.Build.0 = ReleaseStaticLib|Win32
		{35AFBABB-DF05-43DE-91A7-BB828A874015}.Release-dll|x64.ActiveCfg = ReleaseStaticLib|Win32
		{35AFBABB-DF05-43DE-91A7-BB828A874015}.ReleaseStaticLib|Win32.ActiveCfg = ReleaseStaticLib|Win32
		{35AFBABB-DF05-43DE-91A7-BB828A874015}.ReleaseStaticLib|Win32.Build.0 = ReleaseStaticLib|Win32
		{35AFBABB-DF05-43DE-91A7-BB828A874015}.ReleaseStaticLib|x64.ActiveCfg = ReleaseStaticLib|Win32
		{35AFBABB-DF05-43DE-91A7-BB828A874015}.ReleaseWithSymbols|Win32.ActiveCfg = ReleaseStaticLib|Win32
		{35AFBABB-DF05-43DE-91A7-BB828A874015}.ReleaseWithSymbols|Win32.Build.0 = ReleaseStaticLib|Win32
		{35AFBABB-DF05-43DE-91A7-BB828A874015}.ReleaseWithSymbols|x64.ActiveCfg = ReleaseStaticLib|Win32
		{0F172B9C-E5D5-4EB1-BFDB-93D787A37461}.debug_Double|Win32.ActiveCfg = DebugStaticLib|Win32
		{0F172B9C-E5D5-4EB1-BFDB-93D787A37461}.debug_Double|Win32.Build.0 = DebugStaticLib|Win32
		{0F172B9C-E5D5-4EB1-BFDB-93D787A37461}.debug_Double|x64.ActiveCfg = DebugStaticLib|Win32
		{0F172B9C-E5D5-4EB1-BFDB-93D787A37461}.Debug|Win32.ActiveCfg = Debug|Win32
		{0F172B9C-E5D5-4EB1-BFDB-93D787A37461}.Debug|Win32.Build.0 = Debug|Win32
		{0F172B9C-E5D5-4EB1-BFDB-93D787A37461}.Debug|x64.ActiveCfg = Debug|Win32
		{0F172B9C-E5D5-4EB1-BFDB-93D787A37461}.Debug-Dll|Win32.ActiveCfg = DebugStaticLib|Win32
		{0F172B9C-E5D5-4EB1-BFDB-93D787A37461}.Debug-Dll|Win32.Build.0 = DebugStaticLib|Win32
		{0F172B9C-E5D5-4EB1-BFDB-93D787A37461}.Debug-Dll|x64.ActiveCfg = DebugStaticLib|Win32
		{0F172B9C-E5D5-4EB1-BFDB-93D787A37461}.DebugStaticLib|Win32.ActiveCfg = DebugStaticLib|Win32
		{0F172B9C-E5D5-4EB1-BFDB-93D787A37461}.DebugStaticLib|Win32.Build.0 = DebugStaticLib|Win32
		{0F172B9C-E5D5-4EB1-BFDB-93D787A37461}.DebugStaticLib|x64.ActiveCfg = DebugStaticLib|Win32
		{0F172B9C-E5D5-4EB1-BFDB-93D787A37461}.Release|Win32.ActiveCfg = Release|Win32
		{0F172B9C-E5D5-4EB1-BFDB-93D787A37461}.Release|Win32.Build.0 = Release|Win32
		{0F172B9C-E5D5-4EB1-BFDB-93D787A37461}.Release|x64.ActiveCfg = Release|Win32
		{0F172B9C-E5D5-4EB1-BFDB-93D787A37461}.Release-dll|Win32.ActiveCfg = ReleaseStaticLib|Win32
		{0F172B9C-E5D5-4EB1-BFDB-93D787A37461}.Release-dll|Win32.Build.0 = ReleaseStaticLib|Win32
		{0F172B9C-E5D5-4EB1-BFDB-93D787A37461}.Release-dll|x64.ActiveCfg = ReleaseStaticLib|Win32
		{0F172B9C-E5D5-4EB1-BFDB-93D787A37461}.ReleaseStaticLib|Win32.ActiveCfg = ReleaseStaticLib|Win32
		{0F172B9C-E5D5-4EB1-BFDB-93D787A37461}.ReleaseStaticLib|Win32.Build.0 = ReleaseStaticLib|Win32
		{0F172B9C-E5D5-4EB1-BFDB-93D787A37461}.ReleaseStaticLib|x64.ActiveCfg = ReleaseStaticLib|Win32
		{0F172B9C-E5D5-4EB1-BFDB-93D787A37461}.ReleaseWithSymbols|Win32.ActiveCfg = ReleaseStaticLib|Win32
		{0F172B9C-E5D5-4EB1-BFDB-93D787A37461}.ReleaseWithSymbols|Win32.Build.0 = ReleaseStaticLib|Win32
		{0F172B9C-E5D5-4EB1-BFDB-93D787A37461}.ReleaseWithSymbols|x64.ActiveCfg = ReleaseStaticLib|Win32
		{A6830BB5-9993-4F6D-8D4E-930F36A1B88F}.debug_Double|Win32.ActiveCfg = DebugStaticLib|Win32
		{A6830BB5-9993-4F6D-8D4E-930F36A1B88F}.debug_Double|Win32.Build.0 = DebugStaticLib|Win32
		{A6830BB5-9993-4F6D-8D4E-930F36A1B88F}.debug_Double|x64.ActiveCfg = DebugStaticLib|Win32
		{A6830BB5-9993-4F6D-8D4E-930F36A1B88F}.Debug|Win32.ActiveCfg = Debug|Win32
		{A6830BB5-9993-4F6D-8D4E-930F36A1B88F}.Debug|Win32.Build.0 = Debug|Win32
		{A6830BB5-9993-4F6D-8D4E-930F36A1B88F}.Debug|x64.ActiveCfg = Debug|Win32
		{A6830BB5-9993-4F6D-8D4E-930F36A1B88F}.Debug-Dll|Win32.ActiveCfg = DebugStaticLib|Win32
		{A6830BB5-9993-4F6D-8D4E-930F36A1B88F}.Debug-Dll|Win32.Build.0 = DebugStaticLib|Win32
		{A6830BB5-9993-4F6D-8D4E-930F36A1B88F}.Debug-Dll|x64.ActiveCfg = DebugStaticLib|Win32
		{A6830BB5-9993-4F6D-8D4E-930F36A1B88F}.DebugStaticLib|Win32.ActiveCfg = DebugStaticLib|Win32
		{A6830BB5-9993-4F6D-8D4E-930F36A1B88F}.DebugStaticLib|Win32.Build.0 = DebugStaticLib|Win32
		{A6830BB5-9993-4F6D-8D4E-930F36A1B88F}.DebugStaticLib|x64.ActiveCfg = DebugStaticLib|Win32
		{A6830BB5-9993-4F6D-8D4E-930F36A1B88F}.Release|Win32.ActiveCfg = Release|Win32
		{A6830BB5-9993-4F6D-8D4E-930F36A1B88F}.Release|Win32.Build.0 = Release|Win32
		{A6830BB5-9993-4F6D-8D4E-930F36A1B88F}.Release|x64.ActiveCfg = Release|Win32
		{A6830BB5-9993-4F6D-8D4E-930F36A1B88F}.Release-dll|Win32.ActiveCfg = ReleaseStaticLib|Win32
		{A6830BB5-9993-4F6D-8D4E-930F36A1B88F}.Release-dll|Win32.Build.0 = ReleaseStaticLib|Win32
		{A6830BB5-9993-4F6D-8D4E-930F36A1B88F}.Release-dll|x64.ActiveCfg = ReleaseStaticLib|Win32
		{A6830BB5-9993-4F6D-8D4E-930F36A1B88F}.ReleaseStaticLib|Win32.ActiveCfg = ReleaseStaticLib|Win32
		{A6830BB5-9993-4F6D-8D4E-930F36A1B88F}.ReleaseStaticLib|Win32.Build.0 = ReleaseStaticLib|Win32
		{A6830BB5-9993-4F6D-8D4E-930F36A1B88F}.ReleaseStaticLib|x64.ActiveCfg = ReleaseStaticLib|Win32
		{A6830BB5-9993-4F6D-8D4E-930F36A1B88F}.ReleaseWithSymbols|Win32.ActiveCfg = ReleaseStaticLib|Win32
		{A6830BB5-9993-4F6D-8D4E-930F36A1B88F}.ReleaseWithSymbols|Win32.Build.0 = ReleaseStaticLib|Win32
		{A6830BB5-9993-4F6D-8D4E-930F36A1B88F}.ReleaseWithSymbols|x64.ActiveCfg = ReleaseStaticLib|Win32
		{7D0A20FE-40A6-4E64-AD26-5E34AE391DF4}.debug_Double|Win32.ActiveCfg = DebugStaticLib|Win32
		{7D0A20FE-40A6-4E64-AD26-5E34AE391DF4}.debug_Double|Win32.Build.0 = DebugStaticLib|Win32
		{7D0A20FE-40A6-4E64-AD26-5E34AE391DF4}.debug_Double|x64.ActiveCfg = DebugStaticLib|Win32
		{7D0A20FE-40A6-4E64-AD26-5E34AE391DF4}.Debug|Win32.ActiveCfg = Debug|Win32
		{7D0A20FE-40A6-4E64-AD26-5E34AE391DF4}.Debug|Win32.Build.0 = Debug|Win32
		{7D0A20FE-40A6-4E64-AD26-5E34AE391DF4}.Debug|x64.ActiveCfg = Debug|Win32
		{7D0A20FE-40A6-4E64-AD26-5E34AE391DF4}.Debug-Dll|Win32.ActiveCfg = DebugStaticLib|Win32
		{7D0A20FE-40A6-4E64-AD26-5E34AE391DF4}.Debug-Dll|Win32.Build.0 = DebugStaticLib|Win32
		{7D0A20FE-40A6-4E64-AD26-5E34AE391DF4}.Debug-Dll|x64.ActiveCfg = DebugStaticLib|Win32
		{7D0A20FE-40A6-4E64-AD26-5E34AE391DF4}.DebugStaticLib|Win32.ActiveCfg = DebugStaticLib|Win32
		{7D0A20FE-40A6-4E64-AD26-5E34AE391DF4}.DebugStaticLib|Win32.Build.0 = DebugStaticLib|Win32
		{7D0A20FE-40A6-4E64-AD26-5E34AE391DF4}.DebugStaticLib|x64.ActiveCfg = DebugStaticLib|Win32
		{7D0A20FE-40A6-4E64-AD26-5E34AE391DF4}.Release|Win32.ActiveCfg = Release|Win32
		{7D0A20FE-40A6-4E64-AD26-5E34AE391DF4}.Release|Win32.Build.0 = Release|Win32
		{7D0A20FE-40A6-4E64-AD26-5E34AE391DF4}.Release|x64.ActiveCfg = Release|Win32
		{7D0A20FE-40A6-4E64-AD26-5E34AE391DF4}.Release-dll|Win32.ActiveCfg = ReleaseStaticLib|Win32
		{7D0A20FE-40A6-4E64-AD26-5E34AE391DF4}.Release-dll|Win32.Build.0 = ReleaseStaticLib|Win32
		{7D0A20FE-40A6-4E64-AD26-5E34AE391DF4}.Release-dll|x64.ActiveCfg = ReleaseStaticLib|Win32
		{7D0A20FE-40A6-4E64-AD26-5E34AE391DF4}.ReleaseStaticLib|Win32.ActiveCfg = ReleaseStaticLib|Win32
		{7D0A20FE-40A6-4E64-AD26-5E34AE391DF4}.ReleaseStaticLib|Win32.Build.0 = ReleaseStaticLib|Win32
		{7D0A20FE-40A6-4E64-AD26-5E34AE391DF4}.ReleaseStaticLib|x64.ActiveCfg = ReleaseStaticLib|Win32
		{7D0A20FE-40A6-4E64-AD26-5E34AE391DF4}.ReleaseWithSymbols|Win32.ActiveCfg = ReleaseStaticLib|Win32
		{7D0A20FE-40A6-4E64-AD26-5E34AE391DF4}.ReleaseWithSymbols|Win32.Build.0 = ReleaseStaticLib|Win32
		{7D0A20FE-40A6-4E64-AD26-5E34AE391DF4}.ReleaseWithSymbols|x64.ActiveCfg = ReleaseStaticLib|Win32
		{64A262CF-6722-4443-A84D-BA5FE3BD87D5}.debug_Double|Win32.ActiveCfg = DebugStaticLib|Win32
		{64A262CF-6722-4443-A84D-BA5FE3BD87D5}.debug_Double|Win32.Build.0 = DebugStaticLib|Win32
		{64A262CF-6722-4443-A84D-BA5FE3BD87D5}.debug_Double|x64.ActiveCfg = DebugStaticLib|Win32
		{64A262CF-6722-4443-A84D-BA5FE3BD87D5}.Debug|Win32.ActiveCfg = Debug|Win32
		{64A262CF-6722-4443-A84D-BA5FE3BD87D5}.Debug|Win32.Build.0 = Debug|Win32
		{64A262CF-6722-4443-A84D-BA5FE3BD87D5}.Debug|x64.ActiveCfg = Debug|Win32
		{64A262CF-6722-4443-A84D-BA5FE3BD87D5}.Debug-Dll|Win32.ActiveCfg = DebugStaticLib|Win32
		{64A262CF-6722-4443-A84D-BA5FE3BD87D5}.Debug-Dll|Win32.Build.0 = DebugStaticLib|Win32
		{64A262CF-6722-4443-A84D-BA5FE3BD87D5}.Debug-Dll|x64.ActiveCfg = DebugStaticLib|Win32
		{64A262CF-6722-4443-A84D-BA5FE3BD87D5}.DebugStaticLib|Win32.ActiveCfg = DebugStaticLib|Win32
		{64A262CF-6722-4443-A84D-BA5FE3BD87D5}.DebugStaticLib|Win32.Build.0 = DebugStaticLib|Win32
		{64A262CF-6722-4443-A84D-BA5FE3BD87D5}.DebugStaticLib|x64.ActiveCfg = DebugStaticLib|Win32
		{64A262CF-6722-4443-A84D-BA5FE3BD87D5}.Release|Win32.ActiveCfg = Release|Win32
		{64A262CF-6722-4443-A84D-BA5FE3BD87D5}.Release|Win32.Build.0 = Release|Win32
		{64A262CF-6722-4443-A84D-BA5FE3BD87D5}.Release|x64.ActiveCfg = Release|Win32
		{64A262CF-6722-4443-A84D-BA5FE3BD87D5}.Release-dll|Win32.ActiveCfg = ReleaseStaticLib|Win32
		{64A262CF-6722-4443-A84D-BA5FE3BD87D5}.Release-dll|Win32.Build.0 = ReleaseStaticLib|Win32
		{64A262CF-6722-4443-A84D-BA5FE3BD87D5}.Release-dll|x64.ActiveCfg = ReleaseStaticLib|Win32
		{64A262CF-6722-4443-A84D-BA5FE3BD87D5}.ReleaseStaticLib|Win32.ActiveCfg = ReleaseStaticLib|Win32
		{64A262CF-6722-4443-A84D-BA5FE3BD87D5}.ReleaseStaticLib|Win32.Build.0 = ReleaseStaticLib|Win32
		{64A262CF-6722-4443-A84D-BA5FE3BD87D5}.ReleaseStaticLib|x64.ActiveCfg = ReleaseStaticLib|Win32
		{64A262CF-6722-4443-A84D-BA5FE3BD87D5}.ReleaseWithSymbols|Win32.ActiveCfg = ReleaseStaticLib|Win32
		{64A262CF-6722-4443-A84D-BA5FE3BD87D5}.ReleaseWithSymbols|Win32.Build.0 = ReleaseStaticLib|Win32
		{64A262CF-6722-4443-A84D-BA5FE3BD87D5}.ReleaseWithSymbols|x64.ActiveCfg = ReleaseStaticLib|Win32
		{C61A6060-5F0B-4B83-A0BC-678CCDA98FF6}.debug_Double|Win32.ActiveCfg = DebugStaticLib|Win32
		{C61A6060-5F0B-4B83-A0BC-678CCDA98FF6}.debug_Double|Win32.Build.0 = DebugStaticLib|Win32
		{C61A6060-5F0B-4B83-A0BC-678CCDA98FF6}.debug_Double|x64.ActiveCfg = DebugStaticLib|Win32
		{C61A6060-5F0B-4B83-A0BC-678CCDA98FF6}.Debug|Win32.ActiveCfg = Debug|Win32
		{C61A6060-5F0B-4B83-A0BC-678CCDA98FF6}.Debug|Win32.Build.0 = Debug|Win32
		{C61A6060-5F0B-4B83-A0BC-678CCDA98FF6}.Debug|x64.ActiveCfg = Debug|Win32
		{C61A6060-5F0B-4B83-A0BC-678CCDA98FF6}.Debug-Dll|Win32.ActiveCfg = DebugStaticLib|Win32
		{C61A6060-5F0B-4B83-A0BC-678CCDA98FF6}.Debug-Dll|Win32.Build.0 = DebugStaticLib|Win32
		{C61A6060-5F0B-4B83-A0BC-678CCDA98FF6}.Debug-Dll|x64.ActiveCfg = DebugStaticLib|Win32
		{C61A6060-5F0B-4B83-A0BC-678CCDA98FF6}.DebugStaticLib|Win32.ActiveCfg = DebugStaticLib|Win32
		{C61A6060-5F0B-4B83-A0BC-678CCDA98FF6}.DebugStaticLib|Win32.Build.0 = DebugStaticLib|Win32
		{C61A6060-5F0B-4B83-A0BC-678CCDA98FF6}.DebugStaticLib|x64.ActiveCfg = DebugStaticLib|Win32
		{C61A6060-5F0B-4B83-A0BC-678CCDA98FF6}.Release|Win32.ActiveCfg = Release|Win32
		{C61A6060-5F0B-4B83-A0BC-678CCDA98FF6}.Release|Win32.Build.0 = Release|Win32
		{C61A6060-5F0B-4B83-A0BC-678CCDA98FF6}.Release|x64.ActiveCfg = Release|Win32
		{C61A6060-5F0B-4B83-A0BC-678CCDA98FF6}.Release-dll|Win32.ActiveCfg = ReleaseStaticLib|Win32
		{C61A6060-5F0B-4B83-A0BC-678CCDA98FF6}.Release-dll|Win32.Build.0 = ReleaseStaticLib|Win32
		{C61A6060-5F0B-4B83-A0BC-678CCDA98FF6}.Release-dll|x64.ActiveCfg = ReleaseStaticLib|Win32
		{C61A6060-5F0B-4B83-A0BC-678CCDA98FF6}.ReleaseStaticLib|Win32.ActiveCfg = ReleaseStaticLib|Win32
		{C61A6060-5F0B-4B83-A0BC-678CCDA98FF6}.ReleaseStaticLib|Win32.Build.0 = ReleaseStaticLib|Win32
		{C61A6060-5F0B-4B83-A0BC-678CCDA98FF6}.ReleaseStaticLib|x64.ActiveCfg = ReleaseStaticLib|Win32
		{C61A6060-5F0B-4B83-A0BC-678CCDA98FF6}.ReleaseWithSymbols|Win32.ActiveCfg = ReleaseStaticLib|Win32
		{C61A6060-5F0B-4B83-A0BC-678CCDA98FF6}.ReleaseWithSymbols|Win32.Build.0 = ReleaseStaticLib|Win32
		{C61A6060-5F0B-4B83-A0BC-678CCDA98FF6}.ReleaseWithSymbols|x64.ActiveCfg = ReleaseStaticLib|Win32
		{1C741C2F-3278-43D8-9FD2-E631A64B70AE}.debug_Double|Win32.ActiveCfg = DebugStaticLib|Win32
		{1C741C2F-3278-43D8-9FD2-E631A64B70AE}.debug_Double|Win32.Build.0 = DebugStaticLib|Win32
		{1C741C2F-3278-43D8-9FD2-E631A64B70AE}.debug_Double|x64.ActiveCfg = DebugStaticLib|Win32
		{1C741C2F-3278-43D8-9FD2-E631A64B70AE}.Debug|Win32.ActiveCfg = Debug|Win32
		{1C741C2F-3278-43D8-9FD2-E631A64B70AE}.Debug|Win32.Build.0 = Debug|Win32
		{1C741C2F-3278-43D8-9FD2-E631A64B70AE}.Debug|x64.ActiveCfg = Debug|Win32
		{1C741C2F-3278-43D8-9FD2-E631A64B70AE}.Debug-Dll|Win32.ActiveCfg = DebugStaticLib|Win32
		{1C741C2F-3278-43D8-9FD2-E631A64B70AE}.Debug-Dll|Win32.Build.0 = DebugStaticLib|Win32
		{1C741C2F-3278-43D8-9FD2-E631A64B70AE}.Debug-Dll|x64.ActiveCfg = DebugStaticLib|Win32
		{1C741C2F-3278-43D8-9FD2-E631A64B70AE}.DebugStaticLib|Win32.ActiveCfg = DebugStaticLib|Win32
		{1C741C2F-3278-43D8-9FD2-E631A64B70AE}.DebugStaticLib|Win32.Build.0 = DebugStaticLib|Win32
		{1C741C2F-3278-43D8-9FD2-E631A64B70AE}.DebugStaticLib|x64.ActiveCfg = DebugStaticLib|Win32
		{1C741C2F-3278-43D8-9FD2-E631A64B70AE}.Release|Win32.ActiveCfg = Release|Win32
		{1C741C2F-3278-43D8-9FD2-E631A64B70AE}.Release|Win32.Build.0 = Release|Win32
		{1C741C2F-3278-43D8-9FD2-E631A64B70AE}.Release|x64.ActiveCfg = Release|Win32
		{1C741C2F-3278-43D8-9FD2-E631A64B70AE}.Release-dll|Win32.ActiveCfg = ReleaseStaticLib|Win32
		{1C741C2F-3278-43D8-9FD2-E631A64B70AE}.Release-dll|Win32.Build.0 = ReleaseStaticLib|Win32
		{1C741C2F-3278-43D8-9FD2-E631A64B70AE}.Release-dll|x64.ActiveCfg = ReleaseStaticLib|Win32
		{1C741C2F-3278-43D8-9FD2-E631A64B70AE}.ReleaseStaticLib|Win32.ActiveCfg = ReleaseStaticLib|Win32
		{1C741C2F-3278-43D8-9FD2-E631A64B70AE}.ReleaseStaticLib|Win32.Build.0 = ReleaseStaticLib|Win32
		{1C741C2F-3278-43D8-9FD2-E631A64B70AE}.ReleaseStaticLib|x64.ActiveCfg = ReleaseStaticLib|Win32
		{1C741C2F-3278-43D8-9FD2-E631A64B70AE}.ReleaseWithSymbols|Win32.ActiveCfg = ReleaseStaticLib|Win32
		{1C741C2F-3278-43D8-9FD2-E631A64B70AE}.ReleaseWithSymbols|Win32.Build.0 = ReleaseStaticLib|Win32
		{1C741C2F-3278-43D8-9FD2-E631A64B70AE}.ReleaseWithSymbols|x64.ActiveCfg = ReleaseStaticLib|Win32
		{81B75BE3-29D7-40F4-B96D-035BC637B316}.debug_Double|Win32.ActiveCfg = DebugStaticLib|Win32
		{81B75BE3-29D7-40F4-B96D-035BC637B316}.debug_Double|Win32.Build.0 = DebugStaticLib|Win32
		{81B75BE3-29D7-40F4-B96D-035BC637B316}.debug_Double|x64.ActiveCfg = DebugStaticLib|Win32
		{81B75BE3-29D7-40F4-B96D-035BC637B316}.Debug|Win32.ActiveCfg = Debug|Win32
		{81B75BE3-29D7-40F4-B96D-035BC637B316}.Debug|Win32.Build.0 = Debug|Win32
		{81B75BE3-29D7-40F4-B96D-035BC637B316}.Debug|x64.ActiveCfg = Debug|Win32
		{81B75BE3-29D7-40F4-B96D-035BC637B316}.Debug-Dll|Win32.ActiveCfg = DebugStaticLib|Win32
		{81B75BE3-29D7-40F4-B96D-035BC637B316}.Debug-Dll|Win32.Build.0 = DebugStaticLib|Win32
		{81B75BE3-29D7-40F4-B96D-035BC637B316}.Debug-Dll|x64.ActiveCfg = DebugStaticLib|Win32
		{81B75BE3-29D7-40F4-B96D-035BC637B316}.DebugStaticLib|Win32.ActiveCfg = DebugStaticLib|Win32
		{81B75BE3-29D7-40F4-B96D-035BC637B316}.DebugStaticLib|Win32.Build.0 = DebugStaticLib|Win32
		{81B75BE3-29D7-40F4-B96D-035BC637B316}.DebugStaticLib|x64.ActiveCfg = DebugStaticLib|Win32
		{81B75BE3-29D7-40F4-B96D-035BC637B316}.Release|Win32.ActiveCfg = Release|Win32
		{81B75BE3-29D7-40F4-B96D-035BC637B316}.Release|Win32.Build.0 = Release|Win32
		{81B75BE3-29D7-40F4-B96D-035BC637B316}.Release|x64.ActiveCfg = Release|Win32
		{81B75BE3-29D7-40F4-B96D-035BC637B316}.Release-dll|Win32.ActiveCfg = ReleaseStaticLib|Win32
		{81B75BE3-29D7-40F4-B96D-035BC637B316}.Release-dll|Win32.Build.0 = ReleaseStaticLib|Win32
		{81B75BE3-29D7-40F4-B96D-035BC637B316}.Release-dll|x64.ActiveCfg = ReleaseStaticLib|Win32
		{81B75BE3-29D7-40F4-B96D-035BC637B316}.ReleaseStaticLib|Win32.ActiveCfg = ReleaseStaticLib|Win32
		{81B75BE3-29D7-40F4-B96D-035BC637B316}.ReleaseStaticLib|Win32.Build.0 = ReleaseStaticLib|Win32
		{81B75BE3-29D7-40F4-B96D-035BC637B316}.ReleaseStaticLib|x64.ActiveCfg = ReleaseStaticLib|Win32
		{81B75BE3-29D7-40F4-B96D-035BC637B316}.ReleaseWithSymbols|Win32.ActiveCfg = ReleaseStaticLib|Win32
		{81B75BE3-29D7-40F4-B96D-035BC637B316}.ReleaseWithSymbols|Win32.Build.0 = ReleaseStaticLib|Win32
		{81B75BE3-29D7-40F4-B96D-035BC637B316}.ReleaseWithSymbols|x64.ActiveCfg = ReleaseStaticLib|Win32
		{5E894FBD-4B51-4A0E-99C7-9C6FA1741037}.debug_Double|Win32.ActiveCfg = debug_Double|Win32
		{5E894FBD-4B51-4A0E-99C7-9C6FA1741037}.debug_Double|Win32.Build.0 = debug_Double|Win32
		{5E894FBD-4B51-4A0E-99C7-9C6FA1741037}.debug_Double|x64.ActiveCfg = debug_Double|x64
		{5E894FBD-4B51-4A0E-99C7-9C6FA1741037}.debug_Double|x64.Build.0 = debug_Double|x64
		{5E894FBD-4B51-4A0E-99C7-9C6FA1741037}.Debug|Win32.ActiveCfg = Debug|Win32
		{5E894FBD-4B51-4A0E-99C7-9C6FA1741037}.Debug|Win32.Build.0 = Debug|Win32
		{5E894FBD-4B51-4A0E-99C7-9C6FA1741037}.Debug|x64.ActiveCfg = Debug|x64
		{5E894FBD-4B51-4A0E-99C7-9C6FA1741037}.Debug|x64.Build.0 = Debug|x64
		{5E894FBD-4B51-4A0E-99C7-9C6FA1741037}.Debug-Dll|Win32.ActiveCfg = DebugStaticLib|x64
		{5E894FBD-4B51-4A0E-99C7-9C6FA1741037}.Debug-Dll|x64.ActiveCfg = DebugStaticLib|x64
		{5E894FBD-4B51-4A0E-99C7-9C6FA1741037}.Debug-Dll|x64.Build.0 = DebugStaticLib|x64
		{5E894FBD-4B51-4A0E-99C7-9C6FA1741037}.DebugStaticLib|Win32.ActiveCfg = Debug|Win32
		{5E894FBD-4B51-4A0E-99C7-9C6FA1741037}.DebugStaticLib|Win32.Build.0 = Debug|Win32
		{5E894FBD-4B51-4A0E-99C7-9C6FA1741037}.DebugStaticLib|x64.ActiveCfg = DebugStaticLib|x64
		{5E894FBD-4B51-4A0E-99C7-9C6FA1741037}.DebugStaticLib|x64.Build.0 = DebugStaticLib|x64
		{5E894FBD-4B51-4A0E-99C7-9C6FA1741037}.Release|Win32.ActiveCfg = Release|Win32
		{5E894FBD-4B51-4A0E-99C7-9C6FA1741037}.Release|Win32.Build.0 = Release|Win32
		{5E894FBD-4B51-4A0E-99C7-9C6FA1741037}.Release|x64.ActiveCfg = Release|x64
		{5E894FBD-4B51-4A0E-99C7-9C6FA1741037}.Release|x64.Build.0 = Release|x64
		{5E894FBD-4B51-4A0E-99C7-9C6FA1741037}.Release-dll|Win32.ActiveCfg = Release|x64
		{5E894FBD-4B51-4A0E-99C7-9C6FA1741037}.Release-dll|x64.ActiveCfg = Release|x64
		{5E894FBD-4B51-4A0E-99C7-9C6FA1741037}.Release-dll|x64.Build.0 = Release|x64
		{5E894FBD-4B51-4A0E-99C7-9C6FA1741037}.ReleaseStaticLib|Win32.ActiveCfg = Release|Win32
		{5E894FBD-4B51-4A0E-99C7-9C6FA1741037}.ReleaseStaticLib|Win32.Build.0 = Release|Win32
		{5E894FBD-4B51-4A0E-99C7-9C6FA1741037}.ReleaseStaticLib|x64.ActiveCfg = Release|x64
		{5E894FBD-4B51-4A0E-99C7-9C6FA1741037}.ReleaseStaticLib|x64.Build.0 = Release|x64
		{5E894FBD-4B51-4A0E-99C7-9C6FA1741037}.ReleaseWithSymbols|Win32.ActiveCfg = Release|x64
		{5E894FBD-4B51-4A0E-99C7-9C6FA1741037}.ReleaseWithSymbols|x64.ActiveCfg = Release|x64
		{5E894FBD-4B51-4A0E-99C7-9C6FA1741037}.ReleaseWithSymbols|x64.Build.0 = Release|x64
		{B1F8CA57-0975-449E-90DD-17B75EB7BCC1}.debug_Double|Win32.ActiveCfg = debug_Double|Win32
		{B1F8CA57-0975-449E-90DD-17B75EB7BCC1}.debug_Double|Win32.Build.0 = debug_Double|Win32
		{B1F8CA57-0975-449E-90DD-17B75EB7BCC1}.debug_Double|x64.ActiveCfg = debug_Double|x64
		{B1F8CA57-0975-449E-90DD-17B75EB7BCC1}.debug_Double|x64.Build.0 = debug_Double|x64
		{B1F8CA57-0975-449E-90DD-17B75EB7BCC1}.Debug|Win32.ActiveCfg = Debug|Win32
		{B1F8CA57-0975-449E-90DD-17B75EB7BCC1}.Debug|Win32.Build.0 = Debug|Win32
		{B1F8CA57-0975-449E-90DD-17B75EB7BCC1}.Debug|x64.ActiveCfg = Debug|x64
		{B1F8CA57-0975-449E-90DD-17B75EB7BCC1}.Debug|x64.Build.0 = Debug|x64
		{B1F8CA57-0975-449E-90DD-17B75EB7BCC1}.Debug-Dll|Win32.ActiveCfg = debug_Double|x64
		{B1F8CA57-0975-449E-90DD-17B75EB7BCC1}.Debug-Dll|x64.ActiveCfg = debug_Double|x64
		{B1F8CA57-0975-449E-90DD-17B75EB7BCC1}.Debug-Dll|x64.Build.0 = debug_Double|x64
		{B1F8CA57-0975-449E-90DD-17B75EB7BCC1}.DebugStaticLib|Win32.ActiveCfg = Debug|Win32
		{B1F8CA57-0975-449E-90DD-17B75EB7BCC1}.DebugStaticLib|Win32.Build.0 = Debug|Win32
		{B1F8CA57-0975-449E-90DD-17B75EB7BCC1}.DebugStaticLib|x64.ActiveCfg = debug_Double|x64
		{B1F8CA57-0975-449E-90DD-17B75EB7BCC1}.DebugStaticLib|x64.Build.0 = debug_Double|x64
		{B1F8CA57-0975-449E-90DD-17B75EB7BCC1}.Release|Win32.ActiveCfg = Release|Win32
		{B1F8CA57-0975-449E-90DD-17B75EB7BCC1}.Release|Win32.Build.0 = Release|Win32
		{B1F8CA57-0975-449E-90DD-17B75EB7BCC1}.Release|x64.ActiveCfg = Release|x64
		{B1F8CA57-0975-449E-90DD-17B75EB7BCC1}.Release|x64.Build.0 = Release|x64
		{B1F8CA57-0975-449E-90DD-17B75EB7BCC1}.Release-dll|Win32.ActiveCfg = Release|x64
		{B1F8CA57-0975-449E-90DD-17B75EB7BCC1}.Release-dll|x64.ActiveCfg = Release|x64
		{B1F8CA57-0975-449E-90DD-17B75EB7BCC1}.Release-dll|x64.Build.0 = Release|x64
		{B1F8CA57-0975-449E-90DD-17B75EB7BCC1}.ReleaseStaticLib|Win32.ActiveCfg = Release|Win32
		{B1F8CA57-0975-449E-90DD-17B75EB7BCC1}.ReleaseStaticLib|Win32.Build.0 = Release|Win32
		{B1F8CA57-0975-449E-90DD-17B75EB7BCC1}.ReleaseStaticLib|x64.ActiveCfg = Release|x64
		{B1F8CA57-0975-449E-90DD-17B75EB7BCC1}.ReleaseStaticLib|x64.Build.0 = Release|x64
		{B1F8CA57-0975-449E-90DD-17B75EB7BCC1}.ReleaseWithSymbols|Win32.ActiveCfg = Release|x64
		{B1F8CA57-0975-449E-90DD-17B75EB7BCC1}.ReleaseWithSymbols|x64.ActiveCfg = Release|x64
		{B1F8CA57-0975-449E-90DD-17B75EB7BCC1}.ReleaseWithSymbols|x64.Build.0 = Release|x64
		{73550B20-3F07-4486-8FE2-3B2803692B6D}.debug_Double|Win32.ActiveCfg = debug_Double|Win32
		{73550B20-3F07-4486-8FE2-3B2803692B6D}.debug_Double|Win32.Build.0 = debug_Double|Win32
		{73550B20-3F07-4486-8FE2-3B2803692B6D}.debug_Double|x64.ActiveCfg = debug_Double|x64
		{73550B20-3F07-4486-8FE2-3B2803692B6D}.debug_Double|x64.Build.0 = debug_Double|x64
		{73550B20-3F07-4486-8FE2-3B2803692B6D}.Debug|Win32.ActiveCfg = Debug|Win32
		{73550B20-3F07-4486-8FE2-3B2803692B6D}.Debug|Win32.Build.0 = Debug|Win32
		{73550B20-3F07-4486-8FE2-3B2803692B6D}.Debug|x64.ActiveCfg = Debug|x64
		{73550B20-3F07-4486-8FE2-3B2803692B6D}.Debug|x64.Build.0 = Debug|x64
		{73550B20-3F07-4486-8FE2-3B2803692B6D}.Debug-Dll|Win32.ActiveCfg = debug_Double|x64
		{73550B20-3F07-4486-8FE2-3B2803692B6D}.Debug-Dll|x64.ActiveCfg = debug_Double|x64
		{73550B20-3F07-4486-8FE2-3B2803692B6D}.Debug-Dll|x64.Build.0 = debug_Double|x64
		{73550B20-3F07-4486-8FE2-3B2803692B6D}.DebugStaticLib|Win32.ActiveCfg = Debug|Win32
		{73550B20-3F07-4486-8FE2-3B2803692B6D}.DebugStaticLib|Win32.Build.0 = Debug|Win32
		{73550B20-3F07-4486-8FE2-3B2803692B6D}.DebugStaticLib|x64.ActiveCfg = debug_Double|x64
		{73550B20-3F07-4486-8FE2-3B2803692B6D}.DebugStaticLib|x64.Build.0 = debug_Double|x64
		{73550B20-3F07-4486-8FE2-3B2803692B6D}.Release|Win32.ActiveCfg = Release|Win32
		{73550B20-3F07-4486-8FE2-3B2803692B6D}.Release|Win32.Build.0 = Release|Win32
		{73550B20-3F07-4486-8FE2-3B2803692B6D}.Release|x64.ActiveCfg = Release|x64
		{73550B20-3F07-4486-8FE2-3B2803692B6D}.Release|x64.Build.0 = Release|x64
		{73550B20-3F07-4486-8FE2-3B2803692B6D}.Release-dll|Win32.ActiveCfg = Release|x64
		{73550B20-3F07-4486-8FE2-3B2803692B6D}.Release-dll|x64.ActiveCfg = Release|x64
		{73550B20-3F07-4486-8FE2-3B2803692B6D}.Release-dll|x64.Build.0 = Release|x64
		{73550B20-3F07-4486-8FE2-3B2803692B6D}.ReleaseStaticLib|Win32.ActiveCfg = Release|Win32
		{73550B20-3F07-4486-8FE2-3B2803692B6D}.ReleaseStaticLib|Win32.Build.0 = Release|Win32
		{73550B20-3F07-4486-8FE2-3B2803692B6D}.ReleaseStaticLib|x64.ActiveCfg = Release|x64
		{73550B20-3F07-4486-8FE2-3B2803692B6D}.ReleaseStaticLib|x64.Build.0 = Release|x64
		{73550B20-3F07-4486-8FE2-3B2803692B6D}.ReleaseWithSymbols|Win32.ActiveCfg = Release|x64
		{73550B20-3F07-4486-8FE2-3B2803692B6D}.ReleaseWithSymbols|x64.ActiveCfg = Release|x64
		{73550B20-3F07-4486-8FE2-3B2803692B6D}.ReleaseWithSymbols|x64.Build.0 = Release|x64
		{FAF68149-E5CF-410D-BE21-37400ABED74D}.debug_Double|Win32.ActiveCfg = debug_Double|Win32
		{FAF68149-E5CF-410D-BE21-37400ABED74D}.debug_Double|Win32.Build.0 = debug_Double|Win32
		{FAF68149-E5CF-410D-BE21-37400ABED74D}.debug_Double|x64.ActiveCfg = debug_Double|x64
		{FAF68149-E5CF-410D-BE21-37400ABED74D}.debug_Double|x64.Build.0 = debug_Double|x64
		{FAF68149-E5CF-410D-BE21-37400ABED74D}.Debug|Win32.ActiveCfg = Debug|Win32
		{FAF68149-E5CF-410D-BE21-37400ABED74D}.Debug|Win32.Build.0 = Debug|Win32
		{FAF68149-E5CF-410D-BE21-37400ABED74D}.Debug|x64.ActiveCfg = Debug|x64
		{FAF68149-E5CF-410D-BE21-37400ABED74D}.Debug|x64.Build.0 = Debug|x64
		{FAF68149-E5CF-410D-BE21-37400ABED74D}.Debug-Dll|Win32.ActiveCfg = debug_Double|x64
		{FAF68149-E5CF-410D-BE21-37400ABED74D}.Debug-Dll|x64.ActiveCfg = debug_Double|x64
		{FAF68149-E5CF-410D-BE21-37400ABED74D}.Debug-Dll|x64.Build.0 = debug_Double|x64
		{FAF68149-E5CF-410D-BE21-37400ABED74D}.DebugStaticLib|Win32.ActiveCfg = Debug|Win32
		{FAF68149-E5CF-410D-BE21-37400ABED74D}.DebugStaticLib|Win32.Build.0 = Debug|Win32
		{FAF68149-E5CF-410D-BE21-37400ABED74D}.DebugStaticLib|x64.ActiveCfg = debug_Double|x64
		{FAF68149-E5CF-410D-BE21-37400ABED74D}.DebugStaticLib|x64.Build.0 = debug_Double|x64
		{FAF68149-E5CF-410D-BE21-37400ABED74D}.Release|Win32.ActiveCfg = Release|Win32
		{FAF68149-E5CF-410D-BE21-37400ABED74D}.Release|Win32.Build.0 = Release|Win32
		{FAF68149-E5CF-410D-BE21-37400ABED74D}.Release|x64.ActiveCfg = Release|x64
		{FAF68149-E5CF-410D-BE21-37400ABED74D}.Release|x64.Build.0 = Release|x64
		{FAF68149-E5CF-410D-BE21-37400ABED74D}.Release-dll|Win32.ActiveCfg = Release|x64
		{FAF68149-E5CF-410D-BE21-37400ABED74D}.Release-dll|x64.ActiveCfg = Release|x64
		{FAF68149-E5CF-410D-BE21-37400ABED74D}.Release-dll|x64.Build.0 = Release|x64
		{FAF68149-E5CF-410D-BE21-37400ABED74D}.ReleaseStaticLib|Win32.ActiveCfg = Release|Win32
		{FAF68149-E5CF-410D-BE21-37400ABED74D}.ReleaseStaticLib|Win32.Build.0 = Release|Win32
		{FAF68149-E5CF-410D-BE21-37400ABED74D}.ReleaseStaticLib|x64.ActiveCfg = Release|x64
		{FAF68149-E5CF-410D-BE21-37400ABED74D}.ReleaseStaticLib|x64.Build.0 = Release|x64
		{FAF68149-E5CF-410D-BE21-37400ABED74D}.ReleaseWithSymbols|Win32.ActiveCfg = Release|x64
		{FAF68149-E5CF-410D-BE21-37400ABED74D}.ReleaseWithSymbols|x64.ActiveCfg = Release|x64
		{FAF68149-E5CF-410D-BE21-37400ABED74D}.ReleaseWithSymbols|x64.Build.0 = Release|x64
		{C28C7710-76B1-4FFD-A85A-9AEFDA25EE64}.debug_Double|Win32.ActiveCfg = Debug|Win32
		{C28C7710-76B1-4FFD-A85A-9AEFDA25EE64}.debug_Double|Win32.Build.0 = Debug|Win32
		{C28C7710-76B1-4FFD-A85A-9AEFDA25EE64}.debug_Double|x64.ActiveCfg = Debug|Win32
		{C28C7710-76B1-4FFD-A85A-9AEFDA25EE64}.Debug|Win32.ActiveCfg = Debug|Win32
		{C28C7710-76B1-4FFD-A85A-9AEFDA25EE64}.Debug|Win32.Build.0 = Debug|Win32
		{C28C7710-76B1-4FFD-A85A-9AEFDA25EE64}.Debug|x64.ActiveCfg = Debug|Win32
		{C28C7710-76B1-4FFD-A85A-9AEFDA25EE64}.Debug-Dll|Win32.ActiveCfg = DebugStaticLib|Win32
		{C28C7710-76B1-4FFD-A85A-9AEFDA25EE64}.Debug-Dll|Win32.Build.0 = DebugStaticLib|Win32
		{C28C7710-76B1-4FFD-A85A-9AEFDA25EE64}.Debug-Dll|x64.ActiveCfg = DebugStaticLib|Win32
		{C28C7710-76B1-4FFD-A85A-9AEFDA25EE64}.DebugStaticLib|Win32.ActiveCfg = DebugStaticLib|Win32
		{C28C7710-76B1-4FFD-A85A-9AEFDA25EE64}.DebugStaticLib|Win32.Build.0 = DebugStaticLib|Win32
		{C28C7710-76B1-4FFD-A85A-9AEFDA25EE64}.DebugStaticLib|x64.ActiveCfg = Debug|Win32
		{C28C7710-76B1-4FFD-A85A-9AEFDA25EE64}.Release|Win32.ActiveCfg = Release|Win32
		{C28C7710-76B1-4FFD-A85A-9AEFDA25EE64}.Release|Win32.Build.0 = Release|Win32
		{C28C7710-76B1-4FFD-A85A-9AEFDA25EE64}.Release|x64.ActiveCfg = Release|Win32
		{C28C7710-76B1-4FFD-A85A-9AEFDA25EE64}.Release-dll|Win32.ActiveCfg = ReleaseStaticLib|Win32
		{C28C7710-76B1-4FFD-A85A-9AEFDA25EE64}.Release-dll|Win32.Build.0 = ReleaseStaticLib|Win32
		{C28C7710-76B1-4FFD-A85A-9AEFDA25EE64}.Release-dll|x64.ActiveCfg = ReleaseStaticLib|Win32
		{C28C7710-76B1-4FFD-A85A-9AEFDA25EE64}.ReleaseStaticLib|Win32.ActiveCfg = ReleaseStaticLib|Win32
		{C28C7710-76B1-4FFD-A85A-9AEFDA25EE64}.ReleaseStaticLib|Win32.Build.0 = ReleaseStaticLib|Win32
		{C28C7710-76B1-4FFD-A85A-9AEFDA25EE64}.ReleaseStaticLib|x64.ActiveCfg = Release|Win32
		{C28C7710-76B1-4FFD-A85A-9AEFDA25EE64}.ReleaseWithSymbols|Win32.ActiveCfg = ReleaseStaticLib|Win32
		{C28C7710-76B1-4FFD-A85A-9AEFDA25EE64}.ReleaseWithSymbols|Win32.Build.0 = ReleaseStaticLib|Win32
		{C28C7710-76B1-4FFD-A85A-9AEFDA25EE64}.ReleaseWithSymbols|x64.ActiveCfg = ReleaseStaticLib|Win32
		{FB7BAE59-31D5-41E1-AB56-3358E9A73A67}.debug_Double|Win32.ActiveCfg = Debug|x64
		{FB7BAE59-31D5-41E1-AB56-3358E9A73A67}.debug_Double|x64.ActiveCfg = Debug|x64
		{FB7BAE59-31D5-41E1-AB56-3358E9A73A67}.debug_Double|x64.Build.0 = Debug|x64
		{FB7BAE59-31D5-41E1-AB56-3358E9A73A67}.Debug|Win32.ActiveCfg = Debug|Win32
		{FB7BAE59-31D5-41E1-AB56-3358E9A73A67}.Debug|Win32.Build.0 = Debug|Win32
		{FB7BAE59-31D5-41E1-AB56-3358E9A73A67}.Debug|x64.ActiveCfg = Debug|x64
		{FB7BAE59-31D5-41E1-AB56-3358E9A73A67}.Debug|x64.Build.0 = Debug|x64
		{FB7BAE59-31D5-41E1-AB56-3358E9A73A67}.Debug-Dll|Win32.ActiveCfg = Debug|x64
		{FB7BAE59-31D5-41E1-AB56-3358E9A73A67}.Debug-Dll|x64.ActiveCfg = Debug|x64
		{FB7BAE59-31D5-41E1-AB56-3358E9A73A67}.Debug-Dll|x64.Build.0 = Debug|x64
		{FB7BAE59-31D5-41E1-AB56-3358E9A73A67}.DebugStaticLib|Win32.ActiveCfg = Debug|Win32
		{FB7BAE59-31D5-41E1-AB56-3358E9A73A67}.DebugStaticLib|Win32.Build.0 = Debug|Win32
		{FB7BAE59-31D5-41E1-AB56-3358E9A73A67}.DebugStaticLib|x64.ActiveCfg = Debug|x64
		{FB7BAE59-31D5-41E1-AB56-3358E9A73A67}.DebugStaticLib|x64.Build.0 = Debug|x64
		{FB7BAE59-31D5-41E1-AB56-3358E9A73A67}.Release|Win32.ActiveCfg = Release|Win32
		{FB7BAE59-31D5-41E1-AB56-3358E9A73A67}.Release|Win32.Build.0 = Release|Win32
		{FB7BAE59-31D5-41E1-AB56-3358E9A73A67}.Release|x64.ActiveCfg = Release|x64
		{FB7BAE59-31D5-41E1-AB56-3358E9A73A67}.Release|x64.Build.0 = Release|x64
		{FB7BAE59-31D5-41E1-AB56-3358E9A73A67}.Release-dll|Win32.ActiveCfg = Release|x64
		{FB7BAE59-31D5-41E1-AB56-3358E9A73A67}.Release-dll|x64.ActiveCfg = Release|x64
		{FB7BAE59-31D5-41E1-AB56-3358E9A73A67}.Release-dll|x64.Build.0 = Release|x64
		{FB7BAE59-31D5-41E1-AB56-3358E9A73A67}.ReleaseStaticLib|Win32.ActiveCfg = Release|Win32
		{FB7BAE59-31D5-41E1-AB56-3358E9A73A67}.ReleaseStaticLib|Win32.Build.0 = Release|Win32
		{FB7BAE59-31D5-41E1-AB56-3358E9A73A67}.ReleaseStaticLib|x64.ActiveCfg = Release|x64
		{FB7BAE59-31D5-41E1-AB56-3358E9A73A67}.ReleaseStaticLib|x64.Build.0 = Release|x64
		{FB7BAE59-31D5-41E1-AB56-3358E9A73A67}.ReleaseWithSymbols|Win32.ActiveCfg = Release|x64
		{FB7BAE59-31D5-41E1-AB56-3358E9A73A67}.ReleaseWithSymbols|x64.ActiveCfg = Release|x64
		{FB7BAE59-31D5-41E1-AB56-3358E9A73A67}.ReleaseWithSymbols|x64.Build.0 = Release|x64
		{AD6C71E5-FE9D-4F34-BC47-CD9FDDFB8540}.debug_Double|Win32.ActiveCfg = Debug|Win32
		{AD6C71E5-FE9D-4F34-BC47-CD9FDDFB8540}.debug_Double|Win32.Build.0 = Debug|Win32
		{AD6C71E5-FE9D-4F34-BC47-CD9FDDFB8540}.debug_Double|x64.ActiveCfg = Debug|Win32
		{AD6C71E5-FE9D-4F34-BC47-CD9FDDFB8540}.Debug|Win32.ActiveCfg = Debug|Win32
		{AD6C71E5-FE9D-4F34-BC47-CD9FDDFB8540}.Debug|Win32.Build.0 = Debug|Win32
		{AD6C71E5-FE9D-4F34-BC47-CD9FDDFB8540}.Debug|x64.ActiveCfg = Debug|Win32
		{AD6C71E5-FE9D-4F34-BC47-CD9FDDFB8540}.Debug-Dll|Win32.ActiveCfg = Debug|Win32
		{AD6C71E5-FE9D-4F34-BC47-CD9FDDFB8540}.Debug-Dll|Win32.Build.0 = Debug|Win32
		{AD6C71E5-FE9D-4F34-BC47-CD9FDDFB8540}.Debug-Dll|x64.ActiveCfg = Debug|Win32
		{AD6C71E5-FE9D-4F34-BC47-CD9FDDFB8540}.DebugStaticLib|Win32.ActiveCfg = Debug|Win32
		{AD6C71E5-FE9D-4F34-BC47-CD9FDDFB8540}.DebugStaticLib|Win32.Build.0 = Debug|Win32
		{AD6C71E5-FE9D-4F34-BC47-CD9FDDFB8540}.DebugStaticLib|x64.ActiveCfg = Debug|Win32
		{AD6C71E5-FE9D-4F34-BC47-CD9FDDFB8540}.Release|Win32.ActiveCfg = Release|Win32
		{AD6C71E5-FE9D-4F34-BC47-CD9FDDFB8540}.Release|Win32.Build.0 = Release|Win32
		{AD6C71E5-FE9D-4F34-BC47-CD9FDDFB8540}.Release|x64.ActiveCfg = Release|Win32
		{AD6C71E5-FE9D-4F34-BC47-CD9FDDFB8540}.Release-dll|Win32.ActiveCfg = Release|Win32
		{AD6C71E5-FE9D-4F34-BC47-CD9FDDFB8540}.Release-dll|Win32.Build.0 = Release|Win32
		{AD6C71E5-FE9D-4F34-BC47-CD9FDDFB8540}.Release-dll|x64.ActiveCfg = Release|Win32
		{AD6C71E5-FE9D-4F34-BC47-CD9FDDFB8540}.ReleaseStaticLib|Win32.ActiveCfg = Release|Win32
		{AD6C71E5-FE9D-4F34-BC47-CD9FDDFB8540}.ReleaseStaticLib|Win32.Build.0 = Release|Win32
		{AD6C71E5-FE9D-4F34-BC47-CD9FDDFB8540}.ReleaseStaticLib|x64.ActiveCfg = Release|Win32
		{AD6C71E5-FE9D-4F34-BC47-CD9FDDFB8540}.ReleaseWithSymbols|Win32.ActiveCfg = Release|Win32
		{AD6C71E5-FE9D-4F34-BC47-CD9FDDFB8540}.ReleaseWithSymbols|Win32.Build.0 = Release|Win32
		{AD6C71E5-FE9D-4F34-BC47-CD9FDDFB8540}.ReleaseWithSymbols|x64.ActiveCfg = Release|Win32
		{54FDF612-0805-452C-B800-987AA6C0EA17}.debug_Double|Win32.ActiveCfg = Debug-Dll|Win32
		{54FDF612-0805-452C-B800-987AA6C0EA17}.debug_Double|Win32.Build.0 = Debug-Dll|Win32
		{54FDF612-0805-452C-B800-987AA6C0EA17}.debug_Double|x64.ActiveCfg = Debug-Dll|Win32
		{54FDF612-0805-452C-B800-987AA6C0EA17}.Debug|Win32.ActiveCfg = Debug|Win32
		{54FDF612-0805-452C-B800-987AA6C0EA17}.Debug|Win32.Build.0 = Debug|Win32
		{54FDF612-0805-452C-B800-987AA6C0EA17}.Debug|x64.ActiveCfg = Debug|Win32
		{54FDF612-0805-452C-B800-987AA6C0EA17}.Debug-Dll|Win32.ActiveCfg = Debug-Dll|Win32
		{54FDF612-0805-452C-B800-987AA6C0EA17}.Debug-Dll|Win32.Build.0 = Debug-Dll|Win32
		{54FDF612-0805-452C-B800-987AA6C0EA17}.Debug-Dll|x64.ActiveCfg = Debug-Dll|Win32
		{54FDF612-0805-452C-B800-987AA6C0EA17}.DebugStaticLib|Win32.ActiveCfg = Debug|Win32
		{54FDF612-0805-452C-B800-987AA6C0EA17}.DebugStaticLib|Win32.Build.0 = Debug|Win32
		{54FDF612-0805-452C-B800-987AA6C0EA17}.DebugStaticLib|x64.ActiveCfg = Debug-Dll|Win32
		{54FDF612-0805-452C-B800-987AA6C0EA17}.Release|Win32.ActiveCfg = Release|Win32
		{54FDF612-0805-452C-B800-987AA6C0EA17}.Release|Win32.Build.0 = Release|Win32
		{54FDF612-0805-452C-B800-987AA6C0EA17}.Release|x64.ActiveCfg = Release|Win32
		{54FDF612-0805-452C-B800-987AA6C0EA17}.Release-dll|Win32.ActiveCfg = Release-dll|Win32
		{54FDF612-0805-452C-B800-987AA6C0EA17}.Release-dll|Win32.Build.0 = Release-dll|Win32
		{54FDF612-0805-452C-B800-987AA6C0EA17}.Release-dll|x64.ActiveCfg = Release-dll|Win32
		{54FDF612-0805-452C-B800-987AA6C0EA17}.ReleaseStaticLib|Win32.ActiveCfg = Release|Win32
		{54FDF612-0805-452C-B800-987AA6C0EA17}.ReleaseStaticLib|Win32.Build.0 = Release|Win32
		{54FDF612-0805-452C-B800-987AA6C0EA17}.ReleaseStaticLib|x64.ActiveCfg = Release-dll|Win32
		{54FDF612-0805-452C-B800-987AA6C0EA17}.ReleaseWithSymbols|Win32.ActiveCfg = Release-dll|Win32
		{54FDF612-0805-452C-B800-987AA6C0EA17}.ReleaseWithSymbols|Win32.Build.0 = Release-dll|Win32
		{54FDF612-0805-452C-B800-987AA6C0EA17}.ReleaseWithSymbols|x64.ActiveCfg = Release-dll|Win32
		{C0D3ABBD-29CB-F04D-9850-7CBEE1269945}.debug_Double|Win32.ActiveCfg = DebugStaticLib|Win32
		{C0D3ABBD-29CB-F04D-9850-7CBEE1269945}.debug_Double|Win32.Build.0 = DebugStaticLib|Win32
		{C0D3ABBD-29CB-F04D-9850-7CBEE1269945}.debug_Double|x64.ActiveCfg = DebugStaticLib|Win32
		{C0D3ABBD-29CB-F04D-9850-7CBEE1269945}.Debug|Win32.ActiveCfg = Debug|Win32
		{C0D3ABBD-29CB-F04D-9850-7CBEE1269945}.Debug|Win32.Build.0 = Debug|Win32
		{C0D3ABBD-29CB-F04D-9850-7CBEE1269945}.Debug|x64.ActiveCfg = Debug|Win32
		{C0D3ABBD-29CB-F04D-9850-7CBEE1269945}.Debug-Dll|Win32.ActiveCfg = DebugStaticLib|Win32
		{C0D3ABBD-29CB-F04D-9850-7CBEE1269945}.Debug-Dll|Win32.Build.0 = DebugStaticLib|Win32
		{C0D3ABBD-29CB-F04D-9850-7CBEE1269945}.Debug-Dll|x64.ActiveCfg = DebugStaticLib|Win32
		{C0D3ABBD-29CB-F04D-9850-7CBEE1269945}.DebugStaticLib|Win32.ActiveCfg = DebugStaticLib|Win32
		{C0D3ABBD-29CB-F04D-9850-7CBEE1269945}.DebugStaticLib|Win32.Build.0 = DebugStaticLib|Win32
		{C0D3ABBD-29CB-F04D-9850-7CBEE1269945}.DebugStaticLib|x64.ActiveCfg = DebugStaticLib|Win32
		{C0D3ABBD-29CB-F04D-9850-7CBEE1269945}.Release|Win32.ActiveCfg = Release|Win32
		{C0D3ABBD-29CB-F04D-9850-7CBEE1269945}.Release|Win32.Build.0 = Release|Win32
		{C0D3ABBD-29CB-F04D-9850-7CBEE1269945}.Release|x64.ActiveCfg = Release|Win32
		{C0D3ABBD-29CB-F04D-9850-7CBEE1269945}.Release-dll|Win32.ActiveCfg = ReleaseStaticLib|Win32
		{C0D3ABBD-29CB-F04D-9850-7CBEE1269945}.Release-dll|Win32.Build.0 = ReleaseStaticLib|Win32
		{C0D3ABBD-29CB-F04D-9850-7CBEE1269945}.Release-dll|x64.ActiveCfg = ReleaseStaticLib|Win32
		{C0D3ABBD-29CB-F04D-9850-7CBEE1269945}.ReleaseStaticLib|Win32.ActiveCfg = ReleaseStaticLib|Win32
		{C0D3ABBD-29CB-F04D-9850-7CBEE1269945}.ReleaseStaticLib|Win32.Build.0 = ReleaseStaticLib|Win32
		{C0D3ABBD-29CB-F04D-9850-7CBEE1269945}.ReleaseStaticLib|x64.ActiveCfg = ReleaseStaticLib|Win32
		{C0D3ABBD-29CB-F04D-9850-7CBEE1269945}.ReleaseWithSymbols|Win32.ActiveCfg = ReleaseStaticLib|Win32
		{C0D3ABBD-29CB-F04D-9850-7CBEE1269945}.ReleaseWithSymbols|Win32.Build.0 = ReleaseStaticLib|Win32
		{C0D3ABBD-29CB-F04D-9850-7CBEE1269945}.ReleaseWithSymbols|x64.ActiveCfg = ReleaseStaticLib|Win32
		{D13E2B95-6BD5-5B43-A187-89A2C6CF4589}.debug_Double|Win32.ActiveCfg = DebugStaticLib|Win32
		{D13E2B95-6BD5-5B43-A187-89A2C6CF4589}.debug_Double|Win32.Build.0 = DebugStaticLib|Win32
		{D13E2B95-6BD5-5B43-A187-89A2C6CF4589}.debug_Double|x64.ActiveCfg = DebugStaticLib|Win32
		{D13E2B95-6BD5-5B43-A187-89A2C6CF4589}.Debug|Win32.ActiveCfg = Debug|Win32
		{D13E2B95-6BD5-5B43-A187-89A2C6CF4589}.Debug|Win32.Build.0 = Debug|Win32
		{D13E2B95-6BD5-5B43-A187-89A2C6CF4589}.Debug|x64.ActiveCfg = Debug|Win32
		{D13E2B95-6BD5-5B43-A187-89A2C6CF4589}.Debug-Dll|Win32.ActiveCfg = DebugStaticLib|Win32
		{D13E2B95-6BD5-5B43-A187-89A2C6CF4589}.Debug-Dll|Win32.Build.0 = DebugStaticLib|Win32
		{D13E2B95-6BD5-5B43-A187-89A2C6CF4589}.Debug-Dll|x64.ActiveCfg = DebugStaticLib|Win32
		{D13E2B95-6BD5-5B43-A187-89A2C6CF4589}.DebugStaticLib|Win32.ActiveCfg = DebugStaticLib|Win32
		{D13E2B95-6BD5-5B43-A187-89A2C6CF4589}.DebugStaticLib|Win32.Build.0 = DebugStaticLib|Win32
		{D13E2B95-6BD5-5B43-A187-89A2C6CF4589}.DebugStaticLib|x64.ActiveCfg = DebugStaticLib|Win32
		{D13E2B95-6BD5-5B43-A187-89A2C6CF4589}.Release|Win32.ActiveCfg = Release|Win32
		{D13E2B95-6BD5-5B43-A187-89A2C6CF4589}.Release|Win32.Build.0 = Release|Win32
		{D13E2B95-6BD5-5B43-A187-89A2C6CF4589}.Release|x64.ActiveCfg = Release|Win32
		{D13E2B95-6BD5-5B43-A187-89A2C6CF4589}.Release-dll|Win32.ActiveCfg = ReleaseStaticLib|Win32
		{D13E2B95-6BD5-5B43-A187-89A2C6CF4589}.Release-dll|Win32.Build.0 = ReleaseStaticLib|Win32
		{D13E2B95-6BD5-5B43-A187-89A2C6CF4589}.Release-dll|x64.ActiveCfg = ReleaseStaticLib|Win32
		{D13E2B95-6BD5-5B43-A187-89A2C6CF4589}.ReleaseStaticLib|Win32.ActiveCfg = ReleaseStaticLib|Win32
		{D13E2B95-6BD5-5B43-A187-89A2C6CF4589}.ReleaseStaticLib|Win32.Build.0 = ReleaseStaticLib|Win32
		{D13E2B95-6BD5-5B43-A187-89A2C6CF4589}.ReleaseStaticLib|x64.ActiveCfg = ReleaseStaticLib|Win32
		{D13E2B95-6BD5-5B43-A187-89A2C6CF4589}.ReleaseWithSymbols|Win32.ActiveCfg = ReleaseStaticLib|Win32
		{D13E2B95-6BD5-5B43-A187-89A2C6CF4589}.ReleaseWithSymbols|Win32.Build.0 = ReleaseStaticLib|Win32
		{D13E2B95-6BD5-5B43-A187-89A2C6CF4589}.ReleaseWithSymbols|x64.ActiveCfg = ReleaseStaticLib|Win32
		{64356EB0-B8D1-B646-A376-153B5AD7A29F}.debug_Double|Win32.ActiveCfg = DebugStaticLib|Win32
		{64356EB0-B8D1-B646-A376-153B5AD7A29F}.debug_Double|Win32.Build.0 = DebugStaticLib|Win32
		{64356EB0-B8D1-B646-A376-153B5AD7A29F}.debug_Double|x64.ActiveCfg = DebugStaticLib|Win32
		{64356EB0-B8D1-B646-A376-153B5AD7A29F}.Debug|Win32.ActiveCfg = Debug|Win32
		{64356EB0-B8D1-B646-A376-153B5AD7A29F}.Debug|Win32.Build.0 = Debug|Win32
		{64356EB0-B8D1-B646-A376-153B5AD7A29F}.Debug|x64.ActiveCfg = Debug|Win32
		{64356EB0-B8D1-B646-A376-153B5AD7A29F}.Debug-Dll|Win32.ActiveCfg = DebugStaticLib|Win32
		{64356EB0-B8D1-B646-A376-153B5AD7A29F}.Debug-Dll|Win32.Build.0 = DebugStaticLib|Win32
		{64356EB0-B8D1-B646-A376-153B5AD7A29F}.Debug-Dll|x64.ActiveCfg = DebugStaticLib|Win32
		{64356EB0-B8D1-B646-A376-153B5AD7A29F}.DebugStaticLib|Win32.ActiveCfg = DebugStaticLib|Win32
		{64356EB0-B8D1-B646-A376-153B5AD7A29F}.DebugStaticLib|Win32.Build.0 = DebugStaticLib|Win32
		{64356EB0-B8D1-B646-A376-153B5AD7A29F}.DebugStaticLib|x64.ActiveCfg = DebugStaticLib|Win32
		{64356EB0-B8D1-B646-A376-153B5AD7A29F}.Release|Win32.ActiveCfg = Release|Win32
		{64356EB0-B8D1-B646-A376-153B5AD7A29F}.Release|Win32.Build.0 = Release|Win32
		{64356EB0-B8D1-B646-A376-153B5AD7A29F}.Release|x64.ActiveCfg = Release|Win32
		{64356EB0-B8D1-B646-A376-153B5AD7A29F}.Release-dll|Win32.ActiveCfg = ReleaseStaticLib|Win32
		{64356EB0-B8D1-B646-A376-153B5AD7A29F}.Release-dll|Win32.Build.0 = ReleaseStaticLib|Win32
		{64356EB0-B8D1-B646-A376-153B5AD7A29F}.Release-dll|x64.ActiveCfg = ReleaseStaticLib|Win32
		{64356EB0-B8D1-B646-A376-153B5AD7A29F}.ReleaseStaticLib|Win32.ActiveCfg = ReleaseStaticLib|Win32
		{64356EB0-B8D1-B646-A376-153B5AD7A29F}.ReleaseStaticLib|Win32.Build.0 = ReleaseStaticLib|Win32
		{64356EB0-B8D1-B646-A376-153B5AD7A29F}.ReleaseStaticLib|x64.ActiveCfg = ReleaseStaticLib|Win32
		{64356EB0-B8D1-B646-A376-153B5AD7A29F}.ReleaseWithSymbols|Win32.ActiveCfg = ReleaseStaticLib|Win32
		{64356EB0-B8D1-B646-A376-153B5AD7A29F}.ReleaseWithSymbols|Win32.Build.0 = ReleaseStaticLib|Win32
		{64356EB0-B8D1-B646-A376-153B5AD7A29F}.ReleaseWithSymbols|x64.ActiveCfg = ReleaseStaticLib|Win32
		{C05A5902-77BF-9042-B2DF-1C575C3BAE38}.debug_Double|Win32.ActiveCfg = DebugStaticLib|Win32
		{C05A5902-77BF-9042-B2DF-1C575C3BAE38}.debug_Double|Win32.Build.0 = DebugStaticLib|Win32
		{C05A5902-77BF-9042-B2DF-1C575C3BAE38}.debug_Double|x64.ActiveCfg = DebugStaticLib|Win32
		{C05A5902-77BF-9042-B2DF-1C575C3BAE38}.Debug|Win32.ActiveCfg = Debug|Win32
		{C05A5902-77BF-9042-B2DF-1C575C3BAE38}.Debug|Win32.Build.0 = Debug|Win32
		{C05A5902-77BF-9042-B2DF-1C575C3BAE38}.Debug|x64.ActiveCfg = Debug|Win32
		{C05A5902-77BF-9042-B2DF-1C575C3BAE38}.Debug-Dll|Win32.ActiveCfg = DebugStaticLib|Win32
		{C05A5902-77BF-9042-B2DF-1C575C3BAE38}.Debug-Dll|Win32.Build.0 = DebugStaticLib|Win32
		{C05A5902-77BF-9042-B2DF-1C575C3BAE38}.Debug-Dll|x64.ActiveCfg = DebugStaticLib|Win32
		{C05A5902-77BF-9042-B2DF-1C575C3BAE38}.DebugStaticLib|Win32.ActiveCfg = DebugStaticLib|Win32
		{C05A5902-77BF-9042-B2DF-1C575C3BAE38}.DebugStaticLib|Win32.Build.0 = DebugStaticLib|Win32
		{C05A5902-77BF-9042-B2DF-1C575C3BAE38}.DebugStaticLib|x64.ActiveCfg = DebugStaticLib|Win32
		{C05A5902-77BF-9042-B2DF-1C575C3BAE38}.Release|Win32.ActiveCfg = Release|Win32
		{C05A5902-77BF-9042-B2DF-1C575C3BAE38}.Release|Win32.Build.0 = Release|Win32
		{C05A5902-77BF-9042-B2DF-1C575C3BAE38}.Release|x64.ActiveCfg = Release|Win32
		{C05A5902-77BF-9042-B2DF-1C575C3BAE38}.Release-dll|Win32.ActiveCfg = ReleaseStaticLib|Win32
		{C05A5902-77BF-9042-B2DF-1C575C3BAE38}.Release-dll|Win32.Build.0 = ReleaseStaticLib|Win32
		{C05A5902-77BF-9042-B2DF-1C575C3BAE38}.Release-dll|x64.ActiveCfg = ReleaseStaticLib|Win32
		{C05A5902-77BF-9042-B2DF-1C575C3BAE38}.ReleaseStaticLib|Win32.ActiveCfg = ReleaseStaticLib|Win32
		{C05A5902-77BF-9042-B2DF-1C575C3BAE38}.ReleaseStaticLib|Win32.Build.0 = ReleaseStaticLib|Win32
		{C05A5902-77BF-9042-B2DF-1C575C3BAE38}.ReleaseStaticLib|x64.ActiveCfg = ReleaseStaticLib|Win32
		{C05A5902-77BF-9042-B2DF-1C575C3BAE38}.ReleaseWithSymbols|Win32.ActiveCfg = ReleaseStaticLib|Win32
		{C05A5902-77BF-9042-B2DF-1C575C3BAE38}.ReleaseWithSymbols|Win32.Build.0 = ReleaseStaticLib|Win32
		{C05A5902-77BF-9042-B2DF-1C575C3BAE38}.ReleaseWithSymbols|x64.ActiveCfg = ReleaseStaticLib|Win32
		{3F977CDE-B05D-8D46-8492-5C436FCAE2DF}.debug_Double|Win32.ActiveCfg = DebugStaticLib|Win32
		{3F977CDE-B05D-8D46-8492-5C436FCAE2DF}.debug_Double|Win32.Build.0 = DebugStaticLib|Win32
		{3F977CDE-B05D-8D46-8492-5C436FCAE2DF}.debug_Double|x64.ActiveCfg = DebugStaticLib|Win32
		{3F977CDE-B05D-8D46-8492-5C436FCAE2DF}.Debug|Win32.ActiveCfg = Debug|Win32
		{3F977CDE-B05D-8D46-8492-5C436FCAE2DF}.Debug|Win32.Build.0 = Debug|Win32
		{3F977CDE-B05D-8D46-8492-5C436FCAE2DF}.Debug|x64.ActiveCfg = Debug|Win32
		{3F977CDE-B05D-8D46-8492-5C436FCAE2DF}.Debug-Dll|Win32.ActiveCfg = DebugStaticLib|Win32
		{3F977CDE-B05D-8D46-8492-5C436FCAE2DF}.Debug-Dll|Win32.Build.0 = DebugStaticLib|Win32
		{3F977CDE-B05D-8D46-8492-5C436FCAE2DF}.Debug-Dll|x64.ActiveCfg = DebugStaticLib|Win32
		{3F977CDE-B05D-8D46-8492-5C436FCAE2DF}.DebugStaticLib|Win32.ActiveCfg = DebugStaticLib|Win32
		{3F977CDE-B05D-8D46-8492-5C436FCAE2DF}.DebugStaticLib|Win32.Build.0 = DebugStaticLib|Win32
		{3F977CDE-B05D-8D46-8492-5C436FCAE2DF}.DebugStaticLib|x64.ActiveCfg = DebugStaticLib|Win32
		{3F977CDE-B05D-8D46-8492-5C436FCAE2DF}.Release|Win32.ActiveCfg = Release|Win32
		{3F977CDE-B05D-8D46-8492-5C436FCAE2DF}.Release|Win32.Build.0 = Release|Win32
		{3F977CDE-B05D-8D46-8492-5C436FCAE2DF}.Release|x64.ActiveCfg = Release|Win32
		{3F977CDE-B05D-8D46-8492-5C436FCAE2DF}.Release-dll|Win32.ActiveCfg = ReleaseStaticLib|Win32
		{3F977CDE-B05D-8D46-8492-5C436FCAE2DF}.Release-dll|Win32.Build.0 = ReleaseStaticLib|Win32
		{3F977CDE-B05D-8D46-8492-5C436FCAE2DF}.Release-dll|x64.ActiveCfg = ReleaseStaticLib|Win32
		{3F977CDE-B05D-8D46-8492-5C436FCAE2DF}.ReleaseStaticLib|Win32.ActiveCfg = ReleaseStaticLib|Win32
		{3F977CDE-B05D-8D46-8492-5C436FCAE2DF}.ReleaseStaticLib|Win32.Build.0 = ReleaseStaticLib|Win32
		{3F977CDE-B05D-8D46-8492-5C436FCAE2DF}.ReleaseStaticLib|x64.ActiveCfg = ReleaseStaticLib|Win32
		{3F977CDE-B05D-8D46-8492-5C436FCAE2DF}.ReleaseWithSymbols|Win32.ActiveCfg = ReleaseWithSymbols|Win32
		{3F977CDE-B05D-8D46-8492-5C436FCAE2DF}.ReleaseWithSymbols|Win32.Build.0 = ReleaseWithSymbols|Win32
		{3F977CDE-B05D-8D46-8492-5C436FCAE2DF}.ReleaseWithSymbols|x64.ActiveCfg = ReleaseWithSymbols|Win32
	EndGlobalSection
	GlobalSection(SolutionProperties) = preSolution
		HideSolutionNode = FALSE
	EndGlobalSection
EndGlobal
