
Microsoft Visual Studio Solution File, Format Version 10.00
# Visual Studio 2008
Project("{8BC9CEB8-8B4A-11D0-8D11-00A0C91BC942}") = "GMOgre3D WIKI To HTML Converter", "GMOgre3D WIKI To HTML Converter.vcproj", "{DB8172B4-41A8-4995-846E-4AB4C4541985}"
EndProject
Global
	GlobalSection(SolutionConfigurationPlatforms) = preSolution
		Debug|Win32 = Debug|Win32
		Release|Win32 = Release|Win32
	EndGlobalSection
	GlobalSection(ProjectConfigurationPlatforms) = postSolution
		{DB8172B4-41A8-4995-846E-4AB4C4541985}.Debug|Win32.ActiveCfg = Debug|Win32
		{DB8172B4-41A8-4995-846E-4AB4C4541985}.Debug|Win32.Build.0 = Debug|Win32
		{DB8172B4-41A8-4995-846E-4AB4C4541985}.Release|Win32.ActiveCfg = Release|Win32
		{DB8172B4-41A8-4995-846E-4AB4C4541985}.Release|Win32.Build.0 = Release|Win32
	EndGlobalSection
	GlobalSection(SolutionProperties) = preSolution
		HideSolutionNode = FALSE
	EndGlobalSection
EndGlobal
